
Microsoft Visual Studio Solution File, Format Version 12.00
# Visual Studio Version 16
VisualStudioVersion = 16.0.29215.179
MinimumVisualStudioVersion = 10.0.40219.1
Project("{FAE04EC0-301F-11D3-BF4B-00C04F79EFBC}") = "SecureWebApiByMessageHandler", "SecureWebApiByMessageHandler\SecureWebApiByMessageHandler.csproj", "{CD715408-9776-47E8-B654-8932D5AA68DD}"
EndProject
Global
	GlobalSection(SolutionConfigurationPlatforms) = preSolution
		Debug|Any CPU = Debug|Any CPU
		Release|Any CPU = Release|Any CPU
	EndGlobalSection
	GlobalSection(ProjectConfigurationPlatforms) = postSolution
		{CD715408-9776-47E8-B654-8932D5AA68DD}.Debug|Any CPU.ActiveCfg = Debug|Any CPU
		{CD715408-9776-47E8-B654-8932D5AA68DD}.Debug|Any CPU.Build.0 = Debug|Any CPU
		{CD715408-9776-47E8-B654-8932D5AA68DD}.Release|Any CPU.ActiveCfg = Release|Any CPU
		{CD715408-9776-47E8-B654-8932D5AA68DD}.Release|Any CPU.Build.0 = Release|Any CPU
	EndGlobalSection
	GlobalSection(SolutionProperties) = preSolution
		HideSolutionNode = FALSE
	EndGlobalSection
	GlobalSection(ExtensibilityGlobals) = postSolution
		SolutionGuid = {8B3B4FD1-6CA1-46F2-9BA7-031DFAD8E081}
	EndGlobalSection
EndGlobal
